
Microsoft Visual Studio Solution File, Format Version 12.00
# Visual Studio Version 17
VisualStudioVersion = 17.9.34616.47
MinimumVisualStudioVersion = 10.0.40219.1
Project("{FAE04EC0-301F-11D3-BF4B-00C04F79EFBC}") = "ClubInterface", "ClubInterface\ClubInterface.csproj", "{AEC40CD1-00C6-45E9-A12C-7E6345BA0F58}"
EndProject
Global
	GlobalSection(SolutionConfigurationPlatforms) = preSolution
		Debug|Any CPU = Debug|Any CPU
		Release|Any CPU = Release|Any CPU
	EndGlobalSection
	GlobalSection(ProjectConfigurationPlatforms) = postSolution
		{AEC40CD1-00C6-45E9-A12C-7E6345BA0F58}.Debug|Any CPU.ActiveCfg = Debug|Any CPU
		{AEC40CD1-00C6-45E9-A12C-7E6345BA0F58}.Debug|Any CPU.Build.0 = Debug|Any CPU
		{AEC40CD1-00C6-45E9-A12C-7E6345BA0F58}.Release|Any CPU.ActiveCfg = Release|Any CPU
		{AEC40CD1-00C6-45E9-A12C-7E6345BA0F58}.Release|Any CPU.Build.0 = Release|Any CPU
	EndGlobalSection
	GlobalSection(SolutionProperties) = preSolution
		HideSolutionNode = FALSE
	EndGlobalSection
	GlobalSection(ExtensibilityGlobals) = postSolution
		SolutionGuid = {DDC4D2E0-DA6B-4530-B6EB-FA95DC93A6B2}
	EndGlobalSection
EndGlobal
